
Microsoft Visual Studio Solution File, Format Version 12.00
# Visual Studio Version 16
VisualStudioVersion = 16.0.29613.14
MinimumVisualStudioVersion = 10.0.40219.1
Project("{9A19103F-16F7-4668-BE54-9A1E7A4F7556}") = "LibraryManagement", "LibraryManagement\LibraryManagement.csproj", "{46C8981A-36CC-4D89-8AA9-E7E9BF332676}"
EndProject
Project("{9A19103F-16F7-4668-BE54-9A1E7A4F7556}") = "LibraryData", "LibraryData\LibraryData.csproj", "{40F944EF-713F-4EF7-8589-D847852EF8DD}"
EndProject
Project("{FAE04EC0-301F-11D3-BF4B-00C04F79EFBC}") = "LibraryServices", "LibraryServices\LibraryServices.csproj", "{BD52D89C-34BE-466C-BA16-0B4C25A6B0E9}"
EndProject
Global
	GlobalSection(SolutionConfigurationPlatforms) = preSolution
		Debug|Any CPU = Debug|Any CPU
		Release|Any CPU = Release|Any CPU
	EndGlobalSection
	GlobalSection(ProjectConfigurationPlatforms) = postSolution
		{46C8981A-36CC-4D89-8AA9-E7E9BF332676}.Debug|Any CPU.ActiveCfg = Debug|Any CPU
		{46C8981A-36CC-4D89-8AA9-E7E9BF332676}.Debug|Any CPU.Build.0 = Debug|Any CPU
		{46C8981A-36CC-4D89-8AA9-E7E9BF332676}.Release|Any CPU.ActiveCfg = Release|Any CPU
		{46C8981A-36CC-4D89-8AA9-E7E9BF332676}.Release|Any CPU.Build.0 = Release|Any CPU
		{40F944EF-713F-4EF7-8589-D847852EF8DD}.Debug|Any CPU.ActiveCfg = Debug|Any CPU
		{40F944EF-713F-4EF7-8589-D847852EF8DD}.Debug|Any CPU.Build.0 = Debug|Any CPU
		{40F944EF-713F-4EF7-8589-D847852EF8DD}.Release|Any CPU.ActiveCfg = Release|Any CPU
		{40F944EF-713F-4EF7-8589-D847852EF8DD}.Release|Any CPU.Build.0 = Release|Any CPU
		{BD52D89C-34BE-466C-BA16-0B4C25A6B0E9}.Debug|Any CPU.ActiveCfg = Debug|Any CPU
		{BD52D89C-34BE-466C-BA16-0B4C25A6B0E9}.Debug|Any CPU.Build.0 = Debug|Any CPU
		{BD52D89C-34BE-466C-BA16-0B4C25A6B0E9}.Release|Any CPU.ActiveCfg = Release|Any CPU
		{BD52D89C-34BE-466C-BA16-0B4C25A6B0E9}.Release|Any CPU.Build.0 = Release|Any CPU
	EndGlobalSection
	GlobalSection(SolutionProperties) = preSolution
		HideSolutionNode = FALSE
	EndGlobalSection
	GlobalSection(ExtensibilityGlobals) = postSolution
		SolutionGuid = {DBFDF565-B044-4A39-8E7E-C604FC1EBDFB}
	EndGlobalSection
EndGlobal
